// !$*UTF8*$!
{
	archiveVersion = 1;
	classes = {
	};
	objectVersion = 48;
	objects = {

/* Begin PBXBuildFile section */
		F0179D2E1FE92149002409D3 /* AppDelegate.swift in Sources */ = {isa = PBXBuildFile; fileRef = F0179D2D1FE92149002409D3 /* AppDelegate.swift */; };
		F0179D301FE92149002409D3 /* ViewController.swift in Sources */ = {isa = PBXBuildFile; fileRef = F0179D2F1FE92149002409D3 /* ViewController.swift */; };
		F0179D331FE92149002409D3 /* Main.storyboard in Resources */ = {isa = PBXBuildFile; fileRef = F0179D311FE92149002409D3 /* Main.storyboard */; };
		F0179D351FE92149002409D3 /* Assets.xcassets in Resources */ = {isa = PBXBuildFile; fileRef = F0179D341FE92149002409D3 /* Assets.xcassets */; };
		F0179D381FE92149002409D3 /* LaunchScreen.storyboard in Resources */ = {isa = PBXBuildFile; fileRef = F0179D361FE92149002409D3 /* LaunchScreen.storyboard */; };
		F04D81C31FF1324A002C8C36 /* SecondViewController.swift in Sources */ = {isa = PBXBuildFile; fileRef = F04D81C21FF1324A002C8C36 /* SecondViewController.swift */; };
		F04D81C51FF132CE002C8C36 /* SecondViewController.xib in Resources */ = {isa = PBXBuildFile; fileRef = F04D81C41FF132CE002C8C36 /* SecondViewController.xib */; };
/* End PBXBuildFile section */

/* Begin PBXFileReference section */
		F0179D2A1FE92149002409D3 /* iPhoneX.app */ = {isa = PBXFileReference; explicitFileType = wrapper.application; includeInIndex = 0; path = iPhoneX.app; sourceTree = BUILT_PRODUCTS_DIR; };
		F0179D2D1FE92149002409D3 /* AppDelegate.swift */ = {isa = PBXFileReference; lastKnownFileType = sourcecode.swift; path = AppDelegate.swift; sourceTree = "<group>"; };
		F0179D2F1FE92149002409D3 /* ViewController.swift */ = {isa = PBXFileReference; lastKnownFileType = sourcecode.swift; path = ViewController.swift; sourceTree = "<group>"; };
		F0179D321FE92149002409D3 /* Base */ = {isa = PBXFileReference; lastKnownFileType = file.storyboard; name = Base; path = Base.lproj/Main.storyboard; sourceTree = "<group>"; };
		F0179D341FE92149002409D3 /* Assets.xcassets */ = {isa = PBXFileReference; lastKnownFileType = folder.assetcatalog; path = Assets.xcassets; sourceTree = "<group>"; };
		F0179D371FE92149002409D3 /* Base */ = {isa = PBXFileReference; lastKnownFileType = file.storyboard; name = Base; path = Base.lproj/LaunchScreen.storyboard; sourceTree = "<group>"; };
		F0179D391FE92149002409D3 /* Info.plist */ = {isa = PBXFileReference; lastKnownFileType = text.plist.xml; path = Info.plist; sourceTree = "<group>"; };
		F04D81C21FF1324A002C8C36 /* SecondViewController.swift */ = {isa = PBXFileReference; lastKnownFileType = sourcecode.swift; path = SecondViewController.swift; sourceTree = "<group>"; };
		F04D81C41FF132CE002C8C36 /* SecondViewController.xib */ = {isa = PBXFileReference; lastKnownFileType = file.xib; path = SecondViewController.xib; sourceTree = "<group>"; };
/* End PBXFileReference section */

/* Begin PBXFrameworksBuildPhase section */
		F0179D271FE92149002409D3 /* Frameworks */ = {
			isa = PBXFrameworksBuildPhase;
			buildActionMask = 2147483647;
			files = (
			);
			runOnlyForDeploymentPostprocessing = 0;
		};
/* End PBXFrameworksBuildPhase section */

/* Begin PBXGroup section */
		F0179D211FE92149002409D3 = {
			isa = PBXGroup;
			children = (
				F0179D2C1FE92149002409D3 /* iPhoneX */,
				F0179D2B1FE92149002409D3 /* Products */,
			);
			sourceTree = "<group>";
		};
		F0179D2B1FE92149002409D3 /* Products */ = {
			isa = PBXGroup;
			children = (
				F0179D2A1FE92149002409D3 /* iPhoneX.app */,
			);
			name = Products;
			sourceTree = "<group>";
		};
		F0179D2C1FE92149002409D3 /* iPhoneX */ = {
			isa = PBXGroup;
			children = (
				F0179D2D1FE92149002409D3 /* AppDelegate.swift */,
				F0179D2F1FE92149002409D3 /* ViewController.swift */,
				F04D81C21FF1324A002C8C36 /* SecondViewController.swift */,
				F04D81C41FF132CE002C8C36 /* SecondViewController.xib */,
				F0179D311FE92149002409D3 /* Main.storyboard */,
				F0179D341FE92149002409D3 /* Assets.xcassets */,
				F0179D361FE92149002409D3 /* LaunchScreen.storyboard */,
				F0179D391FE92149002409D3 /* Info.plist */,
			);
			path = iPhoneX;
			sourceTree = "<group>";
		};
/* End PBXGroup section */

/* Begin PBXNativeTarget section */
		F0179D291FE92149002409D3 /* iPhoneX */ = {
			isa = PBXNativeTarget;
			buildConfigurationList = F0179D3C1FE92149002409D3 /* Build configuration list for PBXNativeTarget "iPhoneX" */;
			buildPhases = (
				F0179D261FE92149002409D3 /* Sources */,
				F0179D271FE92149002409D3 /* Frameworks */,
				F0179D281FE92149002409D3 /* Resources */,
			);
			buildRules = (
			);
			dependencies = (
			);
			name = iPhoneX;
			productName = iPhoneX;
			productReference = F0179D2A1FE92149002409D3 /* iPhoneX.app */;
			productType = "com.apple.product-type.application";
		};
/* End PBXNativeTarget section */

/* Begin PBXProject section */
		F0179D221FE92149002409D3 /* Project object */ = {
			isa = PBXProject;
			attributes = {
				LastSwiftUpdateCheck = 0910;
				LastUpgradeCheck = 0910;
				ORGANIZATIONNAME = "Mendy Edri";
				TargetAttributes = {
					F0179D291FE92149002409D3 = {
						CreatedOnToolsVersion = 9.1;
						ProvisioningStyle = Automatic;
					};
				};
			};
			buildConfigurationList = F0179D251FE92149002409D3 /* Build configuration list for PBXProject "iPhoneX" */;
			compatibilityVersion = "Xcode 8.0";
			developmentRegion = en;
			hasScannedForEncodings = 0;
			knownRegions = (
				en,
				Base,
			);
			mainGroup = F0179D211FE92149002409D3;
			productRefGroup = F0179D2B1FE92149002409D3 /* Products */;
			projectDirPath = "";
			projectRoot = "";
			targets = (
				F0179D291FE92149002409D3 /* iPhoneX */,
			);
		};
/* End PBXProject section */

/* Begin PBXResourcesBuildPhase section */
		F0179D281FE92149002409D3 /* Resources */ = {
			isa = PBXResourcesBuildPhase;
			buildActionMask = 2147483647;
			files = (
				F04D81C51FF132CE002C8C36 /* SecondViewController.xib in Resources */,
				F0179D381FE92149002409D3 /* LaunchScreen.storyboard in Resources */,
				F0179D351FE92149002409D3 /* Assets.xcassets in Resources */,
				F0179D331FE92149002409D3 /* Main.storyboard in Resources */,
			);
			runOnlyForDeploymentPostprocessing = 0;
		};
/* End PBXResourcesBuildPhase section */

/* Begin PBXSourcesBuildPhase section */
		F0179D261FE92149002409D3 /* Sources */ = {
			isa = PBXSourcesBuildPhase;
			buildActionMask = 2147483647;
			files = (
				F04D81C31FF1324A002C8C36 /* SecondViewController.swift in Sources */,
				F0179D301FE92149002409D3 /* ViewController.swift in Sources */,
				F0179D2E1FE92149002409D3 /* AppDelegate.swift in Sources */,
			);
			runOnlyForDeploymentPostprocessing = 0;
		};
/* End PBXSourcesBuildPhase section */

/* Begin PBXVariantGroup section */
		F0179D311FE92149002409D3 /* Main.storyboard */ = {
			isa = PBXVariantGroup;
			children = (
				F0179D321FE92149002409D3 /* Base */,
			);
			name = Main.storyboard;
			sourceTree = "<group>";
		};
		F0179D361FE92149002409D3 /* LaunchScreen.storyboard */ = {
			isa = PBXVariantGroup;
			children = (
				F0179D371FE92149002409D3 /* Base */,
			);
			name = LaunchScreen.storyboard;
			sourceTree = "<group>";
		};
/* End PBXVariantGroup section */

/* Begin XCBuildConfiguration section */
		F0179D3A1FE92149002409D3 /* Debug */ = {
			isa = XCBuildConfiguration;
			buildSettings = {
				ALWAYS_SEARCH_USER_PATHS = NO;
				CLANG_ANALYZER_NONNULL = YES;
				CLANG_ANALYZER_NUMBER_OBJECT_CONVERSION = YES_AGGRESSIVE;
				CLANG_CXX_LANGUAGE_STANDARD = "gnu++14";
				CLANG_CXX_LIBRARY = "libc++";
				CLANG_ENABLE_MODULES = YES;
				CLANG_ENABLE_OBJC_ARC = YES;
				CLANG_WARN_BLOCK_CAPTURE_AUTORELEASING = YES;
				CLANG_WARN_BOOL_CONVERSION = YES;
				CLANG_WARN_COMMA = YES;
				CLANG_WARN_CONSTANT_CONVERSION = YES;
				CLANG_WARN_DIRECT_OBJC_ISA_USAGE = YES_ERROR;
				CLANG_WARN_DOCUMENTATION_COMMENTS = YES;
				CLANG_WARN_EMPTY_BODY = YES;
				CLANG_WARN_ENUM_CONVERSION = YES;
				CLANG_WARN_INFINITE_RECURSION = YES;
				CLANG_WARN_INT_CONVERSION = YES;
				CLANG_WARN_NON_LITERAL_NULL_CONVERSION = YES;
				CLANG_WARN_OBJC_LITERAL_CONVERSION = YES;
				CLANG_WARN_OBJC_ROOT_CLASS = YES_ERROR;
				CLANG_WARN_RANGE_LOOP_ANALYSIS = YES;
				CLANG_WARN_STRICT_PROTOTYPES = YES;
				CLANG_WARN_SUSPICIOUS_MOVE = YES;
				CLANG_WARN_UNGUARDED_AVAILABILITY = YES_AGGRESSIVE;
				CLANG_WARN_UNREACHABLE_CODE = YES;
				CLANG_WARN__DUPLICATE_METHOD_MATCH = YES;
				CODE_SIGN_IDENTITY = "iPhone Developer";
				COPY_PHASE_STRIP = NO;
				DEBUG_INFORMATION_FORMAT = dwarf;
				ENABLE_STRICT_OBJC_MSGSEND = YES;
				ENABLE_TESTABILITY = YES;
				GCC_C_LANGUAGE_STANDARD = gnu11;
				GCC_DYNAMIC_NO_PIC = NO;
				GCC_NO_COMMON_BLOCKS = YES;
				GCC_OPTIMIZATION_LEVEL = 0;
				GCC_PREPROCESSOR_DEFINITIONS = (
					"DEBUG=1",
					"$(inherited)",
				);
				GCC_WARN_64_TO_32_BIT_CONVERSION = YES;
				GCC_WARN_ABOUT_RETURN_TYPE = YES_ERROR;
				GCC_WARN_UNDECLARED_SELECTOR = YES;
				GCC_WARN_UNINITIALIZED_AUTOS = YES_AGGRESSIVE;
				GCC_WARN_UNUSED_FUNCTION = YES;
				GCC_WARN_UNUSED_VARIABLE = YES;
				IPHONEOS_DEPLOYMENT_TARGET = 11.1;
				MTL_ENABLE_DEBUG_INFO = YES;
				ONLY_ACTIVE_ARCH = YES;
				SDKROOT = iphoneos;
				SWIFT_ACTIVE_COMPILATION_CONDITIONS = DEBUG;
				SWIFT_OPTIMIZATION_LEVEL = "-Onone";
			};
			name = Debug;
		};
		F0179D3B1FE92149002409D3 /* Release */ = {
			isa = XCBuildConfiguration;
			buildSettings = {
				ALWAYS_SEARCH_USER_PATHS = NO;
				CLANG_ANALYZER_NONNULL = YES;
				CLANG_ANALYZER_NUMBER_OBJECT_CONVERSION = YES_AGGRESSIVE;
				CLANG_CXX_LANGUAGE_STANDARD = "gnu++14";
				CLANG_CXX_LIBRARY = "libc++";
				CLANG_ENABLE_MODULES = YES;
				CLANG_ENABLE_OBJC_ARC = YES;
				CLANG_WARN_BLOCK_CAPTURE_AUTORELEASING = YES;
				CLANG_WARN_BOOL_CONVERSION = YES;
				CLANG_WARN_COMMA = YES;
				CLANG_WARN_CONSTANT_CONVERSION = YES;
				CLANG_WARN_DIRECT_OBJC_ISA_USAGE = YES_ERROR;
				CLANG_WARN_DOCUMENTATION_COMMENTS = YES;
				CLANG_WARN_EMPTY_BODY = YES;
				CLANG_WARN_ENUM_CONVERSION = YES;
				CLANG_WARN_INFINITE_RECURSION = YES;
				CLANG_WARN_INT_CONVERSION = YES;
				CLANG_WARN_NON_LITERAL_NULL_CONVERSION = YES;
				CLANG_WARN_OBJC_LITERAL_CONVERSION = YES;
				CLANG_WARN_OBJC_ROOT_CLASS = YES_ERROR;
				CLANG_WARN_RANGE_LOOP_ANALYSIS = YES;
				CLANG_WARN_STRICT_PROTOTYPES = YES;
				CLANG_WARN_SUSPICIOUS_MOVE = YES;
				CLANG_WARN_UNGUARDED_AVAILABILITY = YES_AGGRESSIVE;
				CLANG_WARN_UNREACHABLE_CODE = YES;
				CLANG_WARN__DUPLICATE_METHOD_MATCH = YES;
				CODE_SIGN_IDENTITY = "iPhone Developer";
				COPY_PHASE_STRIP = NO;
				DEBUG_INFORMATION_FORMAT = "dwarf-with-dsym";
				ENABLE_NS_ASSERTIONS = NO;
				ENABLE_STRICT_OBJC_MSGSEND = YES;
				GCC_C_LANGUAGE_STANDARD = gnu11;
				GCC_NO_COMMON_BLOCKS = YES;
				GCC_WARN_64_TO_32_BIT_CONVERSION = YES;
				GCC_WARN_ABOUT_RETURN_TYPE = YES_ERROR;
				GCC_WARN_UNDECLARED_SELECTOR = YES;
				GCC_WARN_UNINITIALIZED_AUTOS = YES_AGGRESSIVE;
				GCC_WARN_UNUSED_FUNCTION = YES;
				GCC_WARN_UNUSED_VARIABLE = YES;
				IPHONEOS_DEPLOYMENT_TARGET = 11.1;
				MTL_ENABLE_DEBUG_INFO = NO;
				SDKROOT = iphoneos;
				SWIFT_OPTIMIZATION_LEVEL = "-Owholemodule";
				VALIDATE_PRODUCT = YES;
			};
			name = Release;
		};
		F0179D3D1FE92149002409D3 /* Debug */ = {
			isa = XCBuildConfiguration;
			buildSettings = {
				ASSETCATALOG_COMPILER_APPICON_NAME = AppIcon;
				CODE_SIGN_STYLE = Automatic;
				DEVELOPMENT_TEAM = VM2XLFHLF3;
				INFOPLIST_FILE = iPhoneX/Info.plist;
				IPHONEOS_DEPLOYMENT_TARGET = 10.0;
				LD_RUNPATH_SEARCH_PATHS = "$(inherited) @executable_path/Frameworks";
				PRODUCT_BUNDLE_IDENTIFIER = com.mendyedri.iPhoneX;
				PRODUCT_NAME = "$(TARGET_NAME)";
				SWIFT_VERSION = 4.0;
				TARGETED_DEVICE_FAMILY = "1,2";
			};
			name = Debug;
		};
		F0179D3E1FE92149002409D3 /* Release */ = {
			isa = XCBuildConfiguration;
			buildSettings = {
				ASSETCATALOG_COMPILER_APPICON_NAME = AppIcon;
				CODE_SIGN_STYLE = Automatic;
				DEVELOPMENT_TEAM = VM2XLFHLF3;
				INFOPLIST_FILE = iPhoneX/Info.plist;
				IPHONEOS_DEPLOYMENT_TARGET = 10.0;
				LD_RUNPATH_SEARCH_PATHS = "$(inherited) @executable_path/Frameworks";
				PRODUCT_BUNDLE_IDENTIFIER = com.mendyedri.iPhoneX;
				PRODUCT_NAME = "$(TARGET_NAME)";
				SWIFT_VERSION = 4.0;
				TARGETED_DEVICE_FAMILY = "1,2";
			};
			name = Release;
		};
/* End XCBuildConfiguration section */

/* Begin XCConfigurationList section */
		F0179D251FE92149002409D3 /* Build configuration list for PBXProject "iPhoneX" */ = {
			isa = XCConfigurationList;
			buildConfigurations = (
				F0179D3A1FE92149002409D3 /* Debug */,
				F0179D3B1FE92149002409D3 /* Release */,
			);
			defaultConfigurationIsVisible = 0;
			defaultConfigurationName = Release;
		};
		F0179D3C1FE92149002409D3 /* Build configuration list for PBXNativeTarget "iPhoneX" */ = {
			isa = XCConfigurationList;
			buildConfigurations = (
				F0179D3D1FE92149002409D3 /* Debug */,
				F0179D3E1FE92149002409D3 /* Release */,
			);
			defaultConfigurationIsVisible = 0;
			defaultConfigurationName = Release;
		};
/* End XCConfigurationList section */
	};
	rootObject = F0179D221FE92149002409D3 /* Project object */;
}
